// !$*UTF8*$!
{
	archiveVersion = 1;
	classes = {
	};
	objectVersion = 46;
	objects = {

/* Begin PBXBuildFile section */
		537F351B1CEB0A71007420D2 /* AppDelegate.swift in Sources */ = {isa = PBXBuildFile; fileRef = 537F351A1CEB0A71007420D2 /* AppDelegate.swift */; };
		537F351D1CEB0A71007420D2 /* ViewController.swift in Sources */ = {isa = PBXBuildFile; fileRef = 537F351C1CEB0A71007420D2 /* ViewController.swift */; };
		537F35201CEB0A71007420D2 /* Main.storyboard in Resources */ = {isa = PBXBuildFile; fileRef = 537F351E1CEB0A71007420D2 /* Main.storyboard */; };
		537F35221CEB0A71007420D2 /* Assets.xcassets in Resources */ = {isa = PBXBuildFile; fileRef = 537F35211CEB0A71007420D2 /* Assets.xcassets */; };
		537F35251CEB0A71007420D2 /* LaunchScreen.storyboard in Resources */ = {isa = PBXBuildFile; fileRef = 537F35231CEB0A71007420D2 /* LaunchScreen.storyboard */; };
		537F35301CEB0A71007420D2 /* RefreshViewTests.swift in Sources */ = {isa = PBXBuildFile; fileRef = 537F352F1CEB0A71007420D2 /* RefreshViewTests.swift */; };
		537F353B1CEB0A71007420D2 /* RefreshViewUITests.swift in Sources */ = {isa = PBXBuildFile; fileRef = 537F353A1CEB0A71007420D2 /* RefreshViewUITests.swift */; };
/* End PBXBuildFile section */

/* Begin PBXContainerItemProxy section */
		537F352C1CEB0A71007420D2 /* PBXContainerItemProxy */ = {
			isa = PBXContainerItemProxy;
			containerPortal = 537F350F1CEB0A71007420D2 /* Project object */;
			proxyType = 1;
			remoteGlobalIDString = 537F35161CEB0A71007420D2;
			remoteInfo = RefreshView;
		};
		537F35371CEB0A71007420D2 /* PBXContainerItemProxy */ = {
			isa = PBXContainerItemProxy;
			containerPortal = 537F350F1CEB0A71007420D2 /* Project object */;
			proxyType = 1;
			remoteGlobalIDString = 537F35161CEB0A71007420D2;
			remoteInfo = RefreshView;
		};
/* End PBXContainerItemProxy section */

/* Begin PBXFileReference section */
		537F35171CEB0A71007420D2 /* RefreshView.app */ = {isa = PBXFileReference; explicitFileType = wrapper.application; includeInIndex = 0; path = RefreshView.app; sourceTree = BUILT_PRODUCTS_DIR; };
		537F351A1CEB0A71007420D2 /* AppDelegate.swift */ = {isa = PBXFileReference; lastKnownFileType = sourcecode.swift; path = AppDelegate.swift; sourceTree = "<group>"; };
		537F351C1CEB0A71007420D2 /* ViewController.swift */ = {isa = PBXFileReference; lastKnownFileType = sourcecode.swift; path = ViewController.swift; sourceTree = "<group>"; };
		537F351F1CEB0A71007420D2 /* Base */ = {isa = PBXFileReference; lastKnownFileType = file.storyboard; name = Base; path = Base.lproj/Main.storyboard; sourceTree = "<group>"; };
		537F35211CEB0A71007420D2 /* Assets.xcassets */ = {isa = PBXFileReference; lastKnownFileType = folder.assetcatalog; path = Assets.xcassets; sourceTree = "<group>"; };
		537F35241CEB0A71007420D2 /* Base */ = {isa = PBXFileReference; lastKnownFileType = file.storyboard; name = Base; path = Base.lproj/LaunchScreen.storyboard; sourceTree = "<group>"; };
		537F35261CEB0A71007420D2 /* Info.plist */ = {isa = PBXFileReference; lastKnownFileType = text.plist.xml; path = Info.plist; sourceTree = "<group>"; };
		537F352B1CEB0A71007420D2 /* RefreshViewTests.xctest */ = {isa = PBXFileReference; explicitFileType = wrapper.cfbundle; includeInIndex = 0; path = RefreshViewTests.xctest; sourceTree = BUILT_PRODUCTS_DIR; };
		537F352F1CEB0A71007420D2 /* RefreshViewTests.swift */ = {isa = PBXFileReference; lastKnownFileType = sourcecode.swift; path = RefreshViewTests.swift; sourceTree = "<group>"; };
		537F35311CEB0A71007420D2 /* Info.plist */ = {isa = PBXFileReference; lastKnownFileType = text.plist.xml; path = Info.plist; sourceTree = "<group>"; };
		537F35361CEB0A71007420D2 /* RefreshViewUITests.xctest */ = {isa = PBXFileReference; explicitFileType = wrapper.cfbundle; includeInIndex = 0; path = RefreshViewUITests.xctest; sourceTree = BUILT_PRODUCTS_DIR; };
		537F353A1CEB0A71007420D2 /* RefreshViewUITests.swift */ = {isa = PBXFileReference; lastKnownFileType = sourcecode.swift; path = RefreshViewUITests.swift; sourceTree = "<group>"; };
		537F353C1CEB0A71007420D2 /* Info.plist */ = {isa = PBXFileReference; lastKnownFileType = text.plist.xml; path = Info.plist; sourceTree = "<group>"; };
/* End PBXFileReference section */

/* Begin PBXFrameworksBuildPhase section */
		537F35141CEB0A71007420D2 /* Frameworks */ = {
			isa = PBXFrameworksBuildPhase;
			buildActionMask = 2147483647;
			files = (
			);
			runOnlyForDeploymentPostprocessing = 0;
		};
		537F35281CEB0A71007420D2 /* Frameworks */ = {
			isa = PBXFrameworksBuildPhase;
			buildActionMask = 2147483647;
			files = (
			);
			runOnlyForDeploymentPostprocessing = 0;
		};
		537F35331CEB0A71007420D2 /* Frameworks */ = {
			isa = PBXFrameworksBuildPhase;
			buildActionMask = 2147483647;
			files = (
			);
			runOnlyForDeploymentPostprocessing = 0;
		};
/* End PBXFrameworksBuildPhase section */

/* Begin PBXGroup section */
		537F350E1CEB0A71007420D2 = {
			isa = PBXGroup;
			children = (
				537F35191CEB0A71007420D2 /* RefreshView */,
				537F352E1CEB0A71007420D2 /* RefreshViewTests */,
				537F35391CEB0A71007420D2 /* RefreshViewUITests */,
				537F35181CEB0A71007420D2 /* Products */,
			);
			sourceTree = "<group>";
		};
		537F35181CEB0A71007420D2 /* Products */ = {
			isa = PBXGroup;
			children = (
				537F35171CEB0A71007420D2 /* RefreshView.app */,
				537F352B1CEB0A71007420D2 /* RefreshViewTests.xctest */,
				537F35361CEB0A71007420D2 /* RefreshViewUITests.xctest */,
			);
			name = Products;
			sourceTree = "<group>";
		};
		537F35191CEB0A71007420D2 /* RefreshView */ = {
			isa = PBXGroup;
			children = (
				537F351A1CEB0A71007420D2 /* AppDelegate.swift */,
				537F351C1CEB0A71007420D2 /* ViewController.swift */,
				537F351E1CEB0A71007420D2 /* Main.storyboard */,
				537F35211CEB0A71007420D2 /* Assets.xcassets */,
				537F35231CEB0A71007420D2 /* LaunchScreen.storyboard */,
				537F35261CEB0A71007420D2 /* Info.plist */,
			);
			path = RefreshView;
			sourceTree = "<group>";
		};
		537F352E1CEB0A71007420D2 /* RefreshViewTests */ = {
			isa = PBXGroup;
			children = (
				537F352F1CEB0A71007420D2 /* RefreshViewTests.swift */,
				537F35311CEB0A71007420D2 /* Info.plist */,
			);
			path = RefreshViewTests;
			sourceTree = "<group>";
		};
		537F35391CEB0A71007420D2 /* RefreshViewUITests */ = {
			isa = PBXGroup;
			children = (
				537F353A1CEB0A71007420D2 /* RefreshViewUITests.swift */,
				537F353C1CEB0A71007420D2 /* Info.plist */,
			);
			path = RefreshViewUITests;
			sourceTree = "<group>";
		};
/* End PBXGroup section */

/* Begin PBXNativeTarget section */
		537F35161CEB0A71007420D2 /* RefreshView */ = {
			isa = PBXNativeTarget;
			buildConfigurationList = 537F353F1CEB0A71007420D2 /* Build configuration list for PBXNativeTarget "RefreshView" */;
			buildPhases = (
				537F35131CEB0A71007420D2 /* Sources */,
				537F35141CEB0A71007420D2 /* Frameworks */,
				537F35151CEB0A71007420D2 /* Resources */,
			);
			buildRules = (
			);
			dependencies = (
			);
			name = RefreshView;
			productName = RefreshView;
			productReference = 537F35171CEB0A71007420D2 /* RefreshView.app */;
			productType = "com.apple.product-type.application";
		};
		537F352A1CEB0A71007420D2 /* RefreshViewTests */ = {
			isa = PBXNativeTarget;
			buildConfigurationList = 537F35421CEB0A71007420D2 /* Build configuration list for PBXNativeTarget "RefreshViewTests" */;
			buildPhases = (
				537F35271CEB0A71007420D2 /* Sources */,
				537F35281CEB0A71007420D2 /* Frameworks */,
				537F35291CEB0A71007420D2 /* Resources */,
			);
			buildRules = (
			);
			dependencies = (
				537F352D1CEB0A71007420D2 /* PBXTargetDependency */,
			);
			name = RefreshViewTests;
			productName = RefreshViewTests;
			productReference = 537F352B1CEB0A71007420D2 /* RefreshViewTests.xctest */;
			productType = "com.apple.product-type.bundle.unit-test";
		};
		537F35351CEB0A71007420D2 /* RefreshViewUITests */ = {
			isa = PBXNativeTarget;
			buildConfigurationList = 537F35451CEB0A71007420D2 /* Build configuration list for PBXNativeTarget "RefreshViewUITests" */;
			buildPhases = (
				537F35321CEB0A71007420D2 /* Sources */,
				537F35331CEB0A71007420D2 /* Frameworks */,
				537F35341CEB0A71007420D2 /* Resources */,
			);
			buildRules = (
			);
			dependencies = (
				537F35381CEB0A71007420D2 /* PBXTargetDependency */,
			);
			name = RefreshViewUITests;
			productName = RefreshViewUITests;
			productReference = 537F35361CEB0A71007420D2 /* RefreshViewUITests.xctest */;
			productType = "com.apple.product-type.bundle.ui-testing";
		};
/* End PBXNativeTarget section */

/* Begin PBXProject section */
		537F350F1CEB0A71007420D2 /* Project object */ = {
			isa = PBXProject;
			attributes = {
				LastSwiftUpdateCheck = 0730;
				LastUpgradeCheck = 0730;
				ORGANIZATIONNAME = AdminZhiHua;
				TargetAttributes = {
					537F35161CEB0A71007420D2 = {
						CreatedOnToolsVersion = 7.3;
					};
					537F352A1CEB0A71007420D2 = {
						CreatedOnToolsVersion = 7.3;
						TestTargetID = 537F35161CEB0A71007420D2;
					};
					537F35351CEB0A71007420D2 = {
						CreatedOnToolsVersion = 7.3;
						TestTargetID = 537F35161CEB0A71007420D2;
					};
				};
			};
			buildConfigurationList = 537F35121CEB0A71007420D2 /* Build configuration list for PBXProject "RefreshView" */;
			compatibilityVersion = "Xcode 3.2";
			developmentRegion = English;
			hasScannedForEncodings = 0;
			knownRegions = (
				en,
				Base,
			);
			mainGroup = 537F350E1CEB0A71007420D2;
			productRefGroup = 537F35181CEB0A71007420D2 /* Products */;
			projectDirPath = "";
			projectRoot = "";
			targets = (
				537F35161CEB0A71007420D2 /* RefreshView */,
				537F352A1CEB0A71007420D2 /* RefreshViewTests */,
				537F35351CEB0A71007420D2 /* RefreshViewUITests */,
			);
		};
/* End PBXProject section */

/* Begin PBXResourcesBuildPhase section */
		537F35151CEB0A71007420D2 /* Resources */ = {
			isa = PBXResourcesBuildPhase;
			buildActionMask = 2147483647;
			files = (
				537F35251CEB0A71007420D2 /* LaunchScreen.storyboard in Resources */,
				537F35221CEB0A71007420D2 /* Assets.xcassets in Resources */,
				537F35201CEB0A71007420D2 /* Main.storyboard in Resources */,
			);
			runOnlyForDeploymentPostprocessing = 0;
		};
		537F35291CEB0A71007420D2 /* Resources */ = {
			isa = PBXResourcesBuildPhase;
			buildActionMask = 2147483647;
			files = (
			);
			runOnlyForDeploymentPostprocessing = 0;
		};
		537F35341CEB0A71007420D2 /* Resources */ = {
			isa = PBXResourcesBuildPhase;
			buildActionMask = 2147483647;
			files = (
			);
			runOnlyForDeploymentPostprocessing = 0;
		};
/* End PBXResourcesBuildPhase section */

/* Begin PBXSourcesBuildPhase section */
		537F35131CEB0A71007420D2 /* Sources */ = {
			isa = PBXSourcesBuildPhase;
			buildActionMask = 2147483647;
			files = (
				537F351D1CEB0A71007420D2 /* ViewController.swift in Sources */,
				537F351B1CEB0A71007420D2 /* AppDelegate.swift in Sources */,
			);
			runOnlyForDeploymentPostprocessing = 0;
		};
		537F35271CEB0A71007420D2 /* Sources */ = {
			isa = PBXSourcesBuildPhase;
			buildActionMask = 2147483647;
			files = (
				537F35301CEB0A71007420D2 /* RefreshViewTests.swift in Sources */,
			);
			runOnlyForDeploymentPostprocessing = 0;
		};
		537F35321CEB0A71007420D2 /* Sources */ = {
			isa = PBXSourcesBuildPhase;
			buildActionMask = 2147483647;
			files = (
				537F353B1CEB0A71007420D2 /* RefreshViewUITests.swift in Sources */,
			);
			runOnlyForDeploymentPostprocessing = 0;
		};
/* End PBXSourcesBuildPhase section */

/* Begin PBXTargetDependency section */
		537F352D1CEB0A71007420D2 /* PBXTargetDependency */ = {
			isa = PBXTargetDependency;
			target = 537F35161CEB0A71007420D2 /* RefreshView */;
			targetProxy = 537F352C1CEB0A71007420D2 /* PBXContainerItemProxy */;
		};
		537F35381CEB0A71007420D2 /* PBXTargetDependency */ = {
			isa = PBXTargetDependency;
			target = 537F35161CEB0A71007420D2 /* RefreshView */;
			targetProxy = 537F35371CEB0A71007420D2 /* PBXContainerItemProxy */;
		};
/* End PBXTargetDependency section */

/* Begin PBXVariantGroup section */
		537F351E1CEB0A71007420D2 /* Main.storyboard */ = {
			isa = PBXVariantGroup;
			children = (
				537F351F1CEB0A71007420D2 /* Base */,
			);
			name = Main.storyboard;
			sourceTree = "<group>";
		};
		537F35231CEB0A71007420D2 /* LaunchScreen.storyboard */ = {
			isa = PBXVariantGroup;
			children = (
				537F35241CEB0A71007420D2 /* Base */,
			);
			name = LaunchScreen.storyboard;
			sourceTree = "<group>";
		};
/* End PBXVariantGroup section */

/* Begin XCBuildConfiguration section */
		537F353D1CEB0A71007420D2 /* Debug */ = {
			isa = XCBuildConfiguration;
			buildSettings = {
				ALWAYS_SEARCH_USER_PATHS = NO;
				CLANG_ANALYZER_NONNULL = YES;
				CLANG_CXX_LANGUAGE_STANDARD = "gnu++0x";
				CLANG_CXX_LIBRARY = "libc++";
				CLANG_ENABLE_MODULES = YES;
				CLANG_ENABLE_OBJC_ARC = YES;
				CLANG_WARN_BOOL_CONVERSION = YES;
				CLANG_WARN_CONSTANT_CONVERSION = YES;
				CLANG_WARN_DIRECT_OBJC_ISA_USAGE = YES_ERROR;
				CLANG_WARN_EMPTY_BODY = YES;
				CLANG_WARN_ENUM_CONVERSION = YES;
				CLANG_WARN_INT_CONVERSION = YES;
				CLANG_WARN_OBJC_ROOT_CLASS = YES_ERROR;
				CLANG_WARN_UNREACHABLE_CODE = YES;
				CLANG_WARN__DUPLICATE_METHOD_MATCH = YES;
				"CODE_SIGN_IDENTITY[sdk=iphoneos*]" = "iPhone Developer";
				COPY_PHASE_STRIP = NO;
				DEBUG_INFORMATION_FORMAT = dwarf;
				ENABLE_STRICT_OBJC_MSGSEND = YES;
				ENABLE_TESTABILITY = YES;
				GCC_C_LANGUAGE_STANDARD = gnu99;
				GCC_DYNAMIC_NO_PIC = NO;
				GCC_NO_COMMON_BLOCKS = YES;
				GCC_OPTIMIZATION_LEVEL = 0;
				GCC_PREPROCESSOR_DEFINITIONS = (
					"DEBUG=1",
					"$(inherited)",
				);
				GCC_WARN_64_TO_32_BIT_CONVERSION = YES;
				GCC_WARN_ABOUT_RETURN_TYPE = YES_ERROR;
				GCC_WARN_UNDECLARED_SELECTOR = YES;
				GCC_WARN_UNINITIALIZED_AUTOS = YES_AGGRESSIVE;
				GCC_WARN_UNUSED_FUNCTION = YES;
				GCC_WARN_UNUSED_VARIABLE = YES;
				IPHONEOS_DEPLOYMENT_TARGET = 9.3;
				MTL_ENABLE_DEBUG_INFO = YES;
				ONLY_ACTIVE_ARCH = YES;
				SDKROOT = iphoneos;
				SWIFT_OPTIMIZATION_LEVEL = "-Onone";
			};
			name = Debug;
		};
		537F353E1CEB0A71007420D2 /* Release */ = {
			isa = XCBuildConfiguration;
			buildSettings = {
				ALWAYS_SEARCH_USER_PATHS = NO;
				CLANG_ANALYZER_NONNULL = YES;
				CLANG_CXX_LANGUAGE_STANDARD = "gnu++0x";
				CLANG_CXX_LIBRARY = "libc++";
				CLANG_ENABLE_MODULES = YES;
				CLANG_ENABLE_OBJC_ARC = YES;
				CLANG_WARN_BOOL_CONVERSION = YES;
				CLANG_WARN_CONSTANT_CONVERSION = YES;
				CLANG_WARN_DIRECT_OBJC_ISA_USAGE = YES_ERROR;
				CLANG_WARN_EMPTY_BODY = YES;
				CLANG_WARN_ENUM_CONVERSION = YES;
				CLANG_WARN_INT_CONVERSION = YES;
				CLANG_WARN_OBJC_ROOT_CLASS = YES_ERROR;
				CLANG_WARN_UNREACHABLE_CODE = YES;
				CLANG_WARN__DUPLICATE_METHOD_MATCH = YES;
				"CODE_SIGN_IDENTITY[sdk=iphoneos*]" = "iPhone Developer";
				COPY_PHASE_STRIP = NO;
				DEBUG_INFORMATION_FORMAT = "dwarf-with-dsym";
				ENABLE_NS_ASSERTIONS = NO;
				ENABLE_STRICT_OBJC_MSGSEND = YES;
				GCC_C_LANGUAGE_STANDARD = gnu99;
				GCC_NO_COMMON_BLOCKS = YES;
				GCC_WARN_64_TO_32_BIT_CONVERSION = YES;
				GCC_WARN_ABOUT_RETURN_TYPE = YES_ERROR;
				GCC_WARN_UNDECLARED_SELECTOR = YES;
				GCC_WARN_UNINITIALIZED_AUTOS = YES_AGGRESSIVE;
				GCC_WARN_UNUSED_FUNCTION = YES;
				GCC_WARN_UNUSED_VARIABLE = YES;
				IPHONEOS_DEPLOYMENT_TARGET = 9.3;
				MTL_ENABLE_DEBUG_INFO = NO;
				SDKROOT = iphoneos;
				VALIDATE_PRODUCT = YES;
			};
			name = Release;
		};
		537F35401CEB0A71007420D2 /* Debug */ = {
			isa = XCBuildConfiguration;
			buildSettings = {
				ASSETCATALOG_COMPILER_APPICON_NAME = AppIcon;
				INFOPLIST_FILE = RefreshView/Info.plist;
				LD_RUNPATH_SEARCH_PATHS = "$(inherited) @executable_path/Frameworks";
				PRODUCT_BUNDLE_IDENTIFIER = com.swwy.RefreshView;
				PRODUCT_NAME = "$(TARGET_NAME)";
			};
			name = Debug;
		};
		537F35411CEB0A71007420D2 /* Release */ = {
			isa = XCBuildConfiguration;
			buildSettings = {
				ASSETCATALOG_COMPILER_APPICON_NAME = AppIcon;
				INFOPLIST_FILE = RefreshView/Info.plist;
				LD_RUNPATH_SEARCH_PATHS = "$(inherited) @executable_path/Frameworks";
				PRODUCT_BUNDLE_IDENTIFIER = com.swwy.RefreshView;
				PRODUCT_NAME = "$(TARGET_NAME)";
			};
			name = Release;
		};
		537F35431CEB0A71007420D2 /* Debug */ = {
			isa = XCBuildConfiguration;
			buildSettings = {
				BUNDLE_LOADER = "$(TEST_HOST)";
				INFOPLIST_FILE = RefreshViewTests/Info.plist;
				LD_RUNPATH_SEARCH_PATHS = "$(inherited) @executable_path/Frameworks @loader_path/Frameworks";
				PRODUCT_BUNDLE_IDENTIFIER = com.swwy.RefreshViewTests;
				PRODUCT_NAME = "$(TARGET_NAME)";
				TEST_HOST = "$(BUILT_PRODUCTS_DIR)/RefreshView.app/RefreshView";
			};
			name = Debug;
		};
		537F35441CEB0A71007420D2 /* Release */ = {
			isa = XCBuildConfiguration;
			buildSettings = {
				BUNDLE_LOADER = "$(TEST_HOST)";
				INFOPLIST_FILE = RefreshViewTests/Info.plist;
				LD_RUNPATH_SEARCH_PATHS = "$(inherited) @executable_path/Frameworks @loader_path/Frameworks";
				PRODUCT_BUNDLE_IDENTIFIER = com.swwy.RefreshViewTests;
				PRODUCT_NAME = "$(TARGET_NAME)";
				TEST_HOST = "$(BUILT_PRODUCTS_DIR)/RefreshView.app/RefreshView";
			};
			name = Release;
		};
		537F35461CEB0A71007420D2 /* Debug */ = {
			isa = XCBuildConfiguration;
			buildSettings = {
				INFOPLIST_FILE = RefreshViewUITests/Info.plist;
				LD_RUNPATH_SEARCH_PATHS = "$(inherited) @executable_path/Frameworks @loader_path/Frameworks";
				PRODUCT_BUNDLE_IDENTIFIER = com.swwy.RefreshViewUITests;
				PRODUCT_NAME = "$(TARGET_NAME)";
				TEST_TARGET_NAME = RefreshView;
			};
			name = Debug;
		};
		537F35471CEB0A71007420D2 /* Release */ = {
			isa = XCBuildConfiguration;
			buildSettings = {
				INFOPLIST_FILE = RefreshViewUITests/Info.plist;
				LD_RUNPATH_SEARCH_PATHS = "$(inherited) @executable_path/Frameworks @loader_path/Frameworks";
				PRODUCT_BUNDLE_IDENTIFIER = com.swwy.RefreshViewUITests;
				PRODUCT_NAME = "$(TARGET_NAME)";
				TEST_TARGET_NAME = RefreshView;
			};
			name = Release;
		};
/* End XCBuildConfiguration section */

/* Begin XCConfigurationList section */
		537F35121CEB0A71007420D2 /* Build configuration list for PBXProject "RefreshView" */ = {
			isa = XCConfigurationList;
			buildConfigurations = (
				537F353D1CEB0A71007420D2 /* Debug */,
				537F353E1CEB0A71007420D2 /* Release */,
			);
			defaultConfigurationIsVisible = 0;
			defaultConfigurationName = Release;
		};
		537F353F1CEB0A71007420D2 /* Build configuration list for PBXNativeTarget "RefreshView" */ = {
			isa = XCConfigurationList;
			buildConfigurations = (
				537F35401CEB0A71007420D2 /* Debug */,
				537F35411CEB0A71007420D2 /* Release */,
			);
			defaultConfigurationIsVisible = 0;
		};
		537F35421CEB0A71007420D2 /* Build configuration list for PBXNativeTarget "RefreshViewTests" */ = {
			isa = XCConfigurationList;
			buildConfigurations = (
				537F35431CEB0A71007420D2 /* Debug */,
				537F35441CEB0A71007420D2 /* Release */,
			);
			defaultConfigurationIsVisible = 0;
		};
		537F35451CEB0A71007420D2 /* Build configuration list for PBXNativeTarget "RefreshViewUITests" */ = {
			isa = XCConfigurationList;
			buildConfigurations = (
				537F35461CEB0A71007420D2 /* Debug */,
				537F35471CEB0A71007420D2 /* Release */,
			);
			defaultConfigurationIsVisible = 0;
		};
/* End XCConfigurationList section */
	};
	rootObject = 537F350F1CEB0A71007420D2 /* Project object */;
}
